
Microsoft Visual Studio Solution File, Format Version 12.00
# Visual Studio Version 17
VisualStudioVersion = 17.13.35919.96
MinimumVisualStudioVersion = 10.0.40219.1
Project("{8BC9CEB8-8B4A-11D0-8D11-00A0C91BC942}") = "ProjectCpp", "ProjectCpp\ProjectCpp.vcxproj", "{363A17E9-EE48-4F29-81D0-8622B67609BF}"
EndProject
Project("{2150E333-8FDC-42A3-9474-1A3956D46DE8}") = "CH01", "CH01", "{C8D5274F-AC00-46C7-1F8D-E88E81087A52}"
EndProject
Project("{8BC9CEB8-8B4A-11D0-8D11-00A0C91BC942}") = "Ch01", "Ch01\Ch01.vcxproj", "{80EEF8A2-97C4-4C23-88AC-B39A61489180}"
EndProject
Project("{2150E333-8FDC-42A3-9474-1A3956D46DE8}") = "CH02", "CH02", "{FFA925C1-5B79-403A-818A-1F290A9C5D5E}"
EndProject
Project("{8BC9CEB8-8B4A-11D0-8D11-00A0C91BC942}") = "Ch02", "Ch02\Ch02.vcxproj", "{2FE593A6-E752-409B-ADE2-7D8FBEFBEA58}"
EndProject
Project("{2150E333-8FDC-42A3-9474-1A3956D46DE8}") = "ToyProject", "ToyProject", "{57395C67-DD69-4000-8239-7D540F5CB569}"
EndProject
Project("{8BC9CEB8-8B4A-11D0-8D11-00A0C91BC942}") = "ToyProject01", "ToyProject01\ToyProject01.vcxproj", "{5C0DBAE7-FE08-440F-BC25-2F1B3F192134}"
EndProject
Project("{2150E333-8FDC-42A3-9474-1A3956D46DE8}") = "CH03", "CH03", "{4C101E13-A7D2-409A-A3BE-E9D3F106E26D}"
EndProject
Project("{8BC9CEB8-8B4A-11D0-8D11-00A0C91BC942}") = "Ch03", "Ch03\Ch03.vcxproj", "{378D9F7B-175B-437E-AB2F-E12303D1335B}"
EndProject
Project("{2150E333-8FDC-42A3-9474-1A3956D46DE8}") = "CH04", "CH04", "{B0A98E81-AC55-4F0E-927B-647E9B6DA4BC}"
EndProject
Project("{8BC9CEB8-8B4A-11D0-8D11-00A0C91BC942}") = "Ch04", "Ch04\Ch04.vcxproj", "{CD084FAA-560A-44EC-B050-72A3F0D24A69}"
EndProject
Global
	GlobalSection(SolutionConfigurationPlatforms) = preSolution
		Debug|x64 = Debug|x64
		Debug|x86 = Debug|x86
		Release|x64 = Release|x64
		Release|x86 = Release|x86
	EndGlobalSection
	GlobalSection(ProjectConfigurationPlatforms) = postSolution
		{363A17E9-EE48-4F29-81D0-8622B67609BF}.Debug|x64.ActiveCfg = Debug|x64
		{363A17E9-EE48-4F29-81D0-8622B67609BF}.Debug|x64.Build.0 = Debug|x64
		{363A17E9-EE48-4F29-81D0-8622B67609BF}.Debug|x86.ActiveCfg = Debug|Win32
		{363A17E9-EE48-4F29-81D0-8622B67609BF}.Debug|x86.Build.0 = Debug|Win32
		{363A17E9-EE48-4F29-81D0-8622B67609BF}.Release|x64.ActiveCfg = Release|x64
		{363A17E9-EE48-4F29-81D0-8622B67609BF}.Release|x64.Build.0 = Release|x64
		{363A17E9-EE48-4F29-81D0-8622B67609BF}.Release|x86.ActiveCfg = Release|Win32
		{363A17E9-EE48-4F29-81D0-8622B67609BF}.Release|x86.Build.0 = Release|Win32
		{80EEF8A2-97C4-4C23-88AC-B39A61489180}.Debug|x64.ActiveCfg = Debug|x64
		{80EEF8A2-97C4-4C23-88AC-B39A61489180}.Debug|x64.Build.0 = Debug|x64
		{80EEF8A2-97C4-4C23-88AC-B39A61489180}.Debug|x86.ActiveCfg = Debug|Win32
		{80EEF8A2-97C4-4C23-88AC-B39A61489180}.Debug|x86.Build.0 = Debug|Win32
		{80EEF8A2-97C4-4C23-88AC-B39A61489180}.Release|x64.ActiveCfg = Release|x64
		{80EEF8A2-97C4-4C23-88AC-B39A61489180}.Release|x64.Build.0 = Release|x64
		{80EEF8A2-97C4-4C23-88AC-B39A61489180}.Release|x86.ActiveCfg = Release|Win32
		{80EEF8A2-97C4-4C23-88AC-B39A61489180}.Release|x86.Build.0 = Release|Win32
		{2FE593A6-E752-409B-ADE2-7D8FBEFBEA58}.Debug|x64.ActiveCfg = Debug|x64
		{2FE593A6-E752-409B-ADE2-7D8FBEFBEA58}.Debug|x64.Build.0 = Debug|x64
		{2FE593A6-E752-409B-ADE2-7D8FBEFBEA58}.Debug|x86.ActiveCfg = Debug|Win32
		{2FE593A6-E752-409B-ADE2-7D8FBEFBEA58}.Debug|x86.Build.0 = Debug|Win32
		{2FE593A6-E752-409B-ADE2-7D8FBEFBEA58}.Release|x64.ActiveCfg = Release|x64
		{2FE593A6-E752-409B-ADE2-7D8FBEFBEA58}.Release|x64.Build.0 = Release|x64
		{2FE593A6-E752-409B-ADE2-7D8FBEFBEA58}.Release|x86.ActiveCfg = Release|Win32
		{2FE593A6-E752-409B-ADE2-7D8FBEFBEA58}.Release|x86.Build.0 = Release|Win32
		{5C0DBAE7-FE08-440F-BC25-2F1B3F192134}.Debug|x64.ActiveCfg = Debug|x64
		{5C0DBAE7-FE08-440F-BC25-2F1B3F192134}.Debug|x64.Build.0 = Debug|x64
		{5C0DBAE7-FE08-440F-BC25-2F1B3F192134}.Debug|x86.ActiveCfg = Debug|Win32
		{5C0DBAE7-FE08-440F-BC25-2F1B3F192134}.Debug|x86.Build.0 = Debug|Win32
		{5C0DBAE7-FE08-440F-BC25-2F1B3F192134}.Release|x64.ActiveCfg = Release|x64
		{5C0DBAE7-FE08-440F-BC25-2F1B3F192134}.Release|x64.Build.0 = Release|x64
		{5C0DBAE7-FE08-440F-BC25-2F1B3F192134}.Release|x86.ActiveCfg = Release|Win32
		{5C0DBAE7-FE08-440F-BC25-2F1B3F192134}.Release|x86.Build.0 = Release|Win32
		{378D9F7B-175B-437E-AB2F-E12303D1335B}.Debug|x64.ActiveCfg = Debug|x64
		{378D9F7B-175B-437E-AB2F-E12303D1335B}.Debug|x64.Build.0 = Debug|x64
		{378D9F7B-175B-437E-AB2F-E12303D1335B}.Debug|x86.ActiveCfg = Debug|Win32
		{378D9F7B-175B-437E-AB2F-E12303D1335B}.Debug|x86.Build.0 = Debug|Win32
		{378D9F7B-175B-437E-AB2F-E12303D1335B}.Release|x64.ActiveCfg = Release|x64
		{378D9F7B-175B-437E-AB2F-E12303D1335B}.Release|x64.Build.0 = Release|x64
		{378D9F7B-175B-437E-AB2F-E12303D1335B}.Release|x86.ActiveCfg = Release|Win32
		{378D9F7B-175B-437E-AB2F-E12303D1335B}.Release|x86.Build.0 = Release|Win32
		{CD084FAA-560A-44EC-B050-72A3F0D24A69}.Debug|x64.ActiveCfg = Debug|x64
		{CD084FAA-560A-44EC-B050-72A3F0D24A69}.Debug|x64.Build.0 = Debug|x64
		{CD084FAA-560A-44EC-B050-72A3F0D24A69}.Debug|x86.ActiveCfg = Debug|Win32
		{CD084FAA-560A-44EC-B050-72A3F0D24A69}.Debug|x86.Build.0 = Debug|Win32
		{CD084FAA-560A-44EC-B050-72A3F0D24A69}.Release|x64.ActiveCfg = Release|x64
		{CD084FAA-560A-44EC-B050-72A3F0D24A69}.Release|x64.Build.0 = Release|x64
		{CD084FAA-560A-44EC-B050-72A3F0D24A69}.Release|x86.ActiveCfg = Release|Win32
		{CD084FAA-560A-44EC-B050-72A3F0D24A69}.Release|x86.Build.0 = Release|Win32
	EndGlobalSection
	GlobalSection(SolutionProperties) = preSolution
		HideSolutionNode = FALSE
	EndGlobalSection
	GlobalSection(NestedProjects) = preSolution
		{80EEF8A2-97C4-4C23-88AC-B39A61489180} = {C8D5274F-AC00-46C7-1F8D-E88E81087A52}
		{2FE593A6-E752-409B-ADE2-7D8FBEFBEA58} = {FFA925C1-5B79-403A-818A-1F290A9C5D5E}
		{5C0DBAE7-FE08-440F-BC25-2F1B3F192134} = {57395C67-DD69-4000-8239-7D540F5CB569}
		{378D9F7B-175B-437E-AB2F-E12303D1335B} = {4C101E13-A7D2-409A-A3BE-E9D3F106E26D}
		{CD084FAA-560A-44EC-B050-72A3F0D24A69} = {B0A98E81-AC55-4F0E-927B-647E9B6DA4BC}
	EndGlobalSection
	GlobalSection(ExtensibilityGlobals) = postSolution
		SolutionGuid = {6B4E1646-DDFF-4018-B8C7-B9D66FB65807}
	EndGlobalSection
EndGlobal
